Microsoft Visual Studio Solution File, Format Version 12.00
# Visual Studio Version 17
VisualStudioVersion = 17.13.35825.156
MinimumVisualStudioVersion = 10.0.40219.1
Project("{FAE04EC0-301F-11D3-BF4B-00C04F79EFBC}") = "ConsoleApp", "ConsoleApp\ConsoleApp.csproj", "{8DE8482F-3B70-4ABA-8C89-1A4A2A484415}"
EndProject
Project("{FAE04EC0-301F-11D3-BF4B-00C04F79EFBC}") = "Molecule", "build\Molecule.csproj", "{8C42EB85-3CD8-3895-8A12-914A34F7A9B1}"
EndProject
Global
	GlobalSection(SolutionConfigurationPlatforms) = preSolution
		Debug|Any CPU = Debug|Any CPU
		Release|Any CPU = Release|Any CPU
	EndGlobalSection
	GlobalSection(ProjectConfigurationPlatforms) = postSolution
		{8DE8482F-3B70-4ABA-8C89-1A4A2A484415}.Debug|Any CPU.ActiveCfg = Debug|Any CPU
		{8DE8482F-3B70-4ABA-8C89-1A4A2A484415}.Debug|Any CPU.Build.0 = Debug|Any CPU
		{8DE8482F-3B70-4ABA-8C89-1A4A2A484415}.Release|Any CPU.ActiveCfg = Release|Any CPU
		{8DE8482F-3B70-4ABA-8C89-1A4A2A484415}.Release|Any CPU.Build.0 = Release|Any CPU
		{8C42EB85-3CD8-3895-8A12-914A34F7A9B1}.Debug|Any CPU.ActiveCfg = Debug|Any CPU
		{8C42EB85-3CD8-3895-8A12-914A34F7A9B1}.Debug|Any CPU.Build.0 = Debug|Any CPU
		{8C42EB85-3CD8-3895-8A12-914A34F7A9B1}.Release|Any CPU.ActiveCfg = Release|Any CPU
		{8C42EB85-3CD8-3895-8A12-914A34F7A9B1}.Release|Any CPU.Build.0 = Release|Any CPU
	EndGlobalSection
	GlobalSection(SolutionProperties) = preSolution
		HideSolutionNode = FALSE
	EndGlobalSection
	GlobalSection(ExtensibilityGlobals) = postSolution
		SolutionGuid = {102D20D7-D926-412E-A1CE-2E0288B12578}
	EndGlobalSection
EndGlobal
